{
  "name": "three-reflector2",
  "version": "0.0.5",
  "lockfileVersion": 1,
  "requires": true,
  "dependencies": {
    "three": {
      "version": "0.118.3",
      "resolved": "https://registry.npmjs.org/three/-/three-0.118.3.tgz",
      "integrity": "sha512-ijECXrNzDkHieoeh2H69kgawTGH8DiamhR4uBN8jEM7VHSKvfTdEvOoHsA8Aq7dh7PHAxhlqBsN5arBI3KixSw=="
    }
  }
}
